version = 1
revision = 3
requires-python = ">=3.13"

[[package]]
name = "ansicon"
version = "1.89.0"
source = { registry = "https://pypi.org/simple" }
sdist = { url = "https://files.pythonhosted.org/packages/b6/e2/1c866404ddbd280efedff4a9f15abfe943cb83cde6e895022370f3a61f85/ansicon-1.89.0.tar.gz", hash = "sha256:e4d039def5768a47e4afec8e89e83ec3ae5a26bf00ad851f914d1240b444d2b1", size = 67312, upload-time = "2019-04-29T20:23:57.314Z" }
wheels = [
    { url = "https://files.pythonhosted.org/packages/75/f9/f1c10e223c7b56a38109a3f2eb4e7fe9a757ea3ed3a166754fb30f65e466/ansicon-1.89.0-py2.py3-none-any.whl", hash = "sha256:f1def52d17f65c2c9682cf8370c03f541f410c1752d6a14029f97318e4b9dfec", size = 63675, upload-time = "2019-04-29T20:23:53.83Z" },
]

[[package]]
name = "blessed"
version = "1.50.0"
source = { registry = "https://pypi.org/simple" }
dependencies = [
    { name = "jinxed" },
    { name = "wcwidth" },
]
sdist = { url = "https://files.pythonhosted.org/packages/0c/7d/44d82d953d9bbcac57fe26507ea7ffba65ef1ec8f41f2b58da2fb12ef26c/blessed-1.50.0.tar.gz", hash = "sha256:046c9b2a5283a9c5bc340ed23b7d1c1f10ef2d7fb30b14bae13ef7ffc1f3ba56", size = 14062021, upload-time = "2026-09-14T18:47:20.833Z" }
wheels = [
    { url = "https://files.pythonhosted.org/packages/93/79/dbf3888fa9ee5566f0acf5b87e5eeeae854b4ff8d819a564a1e73d1b5b82/blessed-1.50.0-py3-none-any.whl", hash = "sha256:6a693d524f7c21129dd61c4d10f11bda89911c05dc7df91219854c9ccf394cbf", size = 140656, upload-time = "2026-09-14T18:47:15.736Z" },
]

[[package]]
name = "e-axle"
version = "0.1.0"
source = { editable = "." }
dependencies = [
    { name = "blessed" },
    { name = "gs-usb" },
    { name = "python-can" },
    { name = "pyusb" },
    { name = "rich" },
]

[package.metadata]
requires-dist = [
    { name = "blessed", specifier = ">=1.50.0" },
    { name = "gs-usb", git = "https://github.com/MickHarrigan/gs_usb?branch=mh%2Ffix%2Foptional-start-reset" },
    { name = "python-can", specifier = ">=4.6.1" },
    { name = "pyusb", specifier = ">=1.3.1" },
    { name = "rich", specifier = ">=15.0.0" },
]

[[package]]
name = "gs-usb"
version = "0.3.1"
source = { git = "https://github.com/MickHarrigan/gs_usb?branch=mh%2Ffix%2Foptional-start-reset#5e2bfb85a3a872b0465dedc41483d0c2ff078baf" }
dependencies = [
    { name = "pyusb" },
]

[[package]]
name = "jinxed"
version = "2.1.0"
source = { registry = "https://pypi.org/simple" }
dependencies = [
    { name = "ansicon", marker = "sys_platform == 'win32'" },
]
sdist = { url = "https://files.pythonhosted.org/packages/39/d7/6e6d474ec5eaeca6a61acc17766bb19563b3a372b4b9d92910078f5fe49f/jinxed-2.1.0.tar.gz", hash = "sha256:7e755b831faa2443d44fb4ce7c0202eb9c3ed39bd5bf1193365888f4f6092b54", size = 61287, upload-time = "2026-07-03T15:46:48.153Z" }
wheels = [
    { url = "https://files.pythonhosted.org/packages/f1/1d/0a6be99b69bb448448403a45a241aff0dca751832ae54f027ed940d2eb52/jinxed-2.1.0-py2.py3-none-any.whl", hash = "sha256:43b802d18b70e405d410fb66eb2837d1101e7e5ea922e666507bb43f34d11d09", size = 104999, upload-time = "2026-07-03T15:46:47.114Z" },
]

[[package]]
name = "markdown-it-py"
version = "4.2.0"
source = { registry = "https://pypi.org/simple" }
dependencies = [
    { name = "mdurl" },
]
sdist = { url = "https://files.pythonhosted.org/packages/06/ff/7841249c247aa650a76b9ee4bbaeae59370dc8bfd2f6c01f3630c35eb134/markdown_it_py-4.2.0.tar.gz", hash = "sha256:04a21681d6fbb623de53f6f364d352309d4094dd4194040a10fd51833e418d49", size = 82454, upload-time = "2026-05-07T12:08:28.36Z" }
wheels = [
    { url = "https://files.pythonhosted.org/packages/b3/81/4da04ced5a082363ecfa159c010d200ecbd959ae410c10c0264a38cac0f5/markdown_it_py-4.2.0-py3-none-any.whl", hash = "sha256:9f7ebbcd14fe59494226453aed97c1070d83f8d24b6fc3a3bcf9a38092641c4a", size = 91687, upload-time = "2026-05-07T12:08:27.182Z" },
]

[[package]]
name = "mdurl"
version = "0.1.2"
source = { registry = "https://pypi.org/simple" }
sdist = { url = "https://files.pythonhosted.org/packages/d6/54/cfe61301667036ec958cb99bd3efefba235e65cdeb9c84d24a8293ba1d90/mdurl-0.1.2.tar.gz", hash = "sha256:bb413d29f5eea38f31dd4754dd7377d4465116fb207585f97bf925588687c1ba", size = 8729, upload-time = "2022-08-14T12:40:10.846Z" }
wheels = [
    { url = "https://files.pythonhosted.org/packages/b3/38/89ba8ad64ae25be8de66a6d463314cf1eb366222074cfda9ee839c56a4b4/mdurl-0.1.2-py3-none-any.whl", hash = "sha256:84008a41e51615a49fc9966191ff91509e3c40b939176e643fd50a5c2196b8f8", size = 9979, upload-time = "2022-08-14T12:40:09.779Z" },
]

[[package]]
name = "packaging"
version = "26.3"
source = { registry = "https://pypi.org/simple" }
sdist = { url = "https://files.pythonhosted.org/packages/7d/fa/3944b40b07da9ce895c0e6303a5ab7d53da063554f534556b134a54d6093/packaging-26.3.tar.gz", hash = "sha256:94edc256424af38762eb31306eed28beb9f0efc50a8837492c9d6fd6004aed79", size = 313412, upload-time = "2026-08-04T18:15:28.737Z" }
wheels = [
    { url = "https://files.pythonhosted.org/packages/63/34/ba1c580383c9eada3711951fef0795c80b829a078d72188184bcab9dd527/packaging-26.3-py3-none-any.whl", hash = "sha256:d7193f7c8e4e93f444fde0262bf90af30e16fa0ad0ad44cb553c87339b23cd1c", size = 129956, upload-time = "2026-08-04T18:15:27.159Z" },
]

[[package]]
name = "pygments"
version = "2.21.0"
source = { registry = "https://pypi.org/simple" }
sdist = { url = "https://files.pythonhosted.org/packages/49/2e/ced460408999b33da6b31b0021b0f37d329e202d4169aeb164493778f25b/pygments-2.21.0.tar.gz", hash = "sha256:610ca751c9bc2492b38eb9a38a7fbc93edbbb2d7182edaf34e66ae493dee5c8c", size = 5005329, upload-time = "2026-08-17T08:02:48.824Z" }
wheels = [
    { url = "https://files.pythonhosted.org/packages/71/46/17f022dd3e953bf20a04a028a21ec746d942f8d2af30fa0f124fa0e6a684/pygments-2.21.0-py3-none-any.whl", hash = "sha256:2363c69b61c4a97c838da3b130dcd6468f4848992b21a82f2a63ec34377137d9", size = 1250147, upload-time = "2026-08-17T08:02:44.912Z" },
]

[[package]]
name = "python-can"
version = "4.6.1"
source = { registry = "https://pypi.org/simple" }
dependencies = [
    { name = "packaging" },
    { name = "typing-extensions" },
    { name = "wrapt" },
]
sdist = { url = "https://files.pythonhosted.org/packages/74/f9/a9d99d36dd33be5badb747801c9255c3c526171a5542092eaacc73350fb8/python_can-4.6.1.tar.gz", hash = "sha256:290fea135d04b8504ebff33889cc6d301e2181a54099116609f940825ffe5005", size = 1206049, upload-time = "2025-08-12T07:44:58.314Z" }
wheels = [
    { url = "https://files.pythonhosted.org/packages/58/34/e4ac153acdbcfba7f48bc73d6586a74c91cc919fcc2e29acbf81be329d1f/python_can-4.6.1-py3-none-any.whl", hash = "sha256:17f95255868a95108dcfcb90565a684dad32d5a3ebb35afd14f739e18c84ff6c", size = 276996, upload-time = "2025-08-12T07:44:56.55Z" },
]

[[package]]
name = "pyusb"
version = "1.3.1"
source = { registry = "https://pypi.org/simple" }
sdist = { url = "https://files.pythonhosted.org/packages/00/6b/ce3727395e52b7b76dfcf0c665e37d223b680b9becc60710d4bc08b7b7cb/pyusb-1.3.1.tar.gz", hash = "sha256:3af070b607467c1c164f49d5b0caabe8ac78dbed9298d703a8dbf9df4052d17e", size = 77281, upload-time = "2025-01-08T23:45:01.866Z" }
wheels = [
    { url = "https://files.pythonhosted.org/packages/28/b8/27e6312e86408a44fe16bd28ee12dd98608b39f7e7e57884a24e8f29b573/pyusb-1.3.1-py3-none-any.whl", hash = "sha256:bf9b754557af4717fe80c2b07cc2b923a9151f5c08d17bdb5345dac09d6a0430", size = 58465, upload-time = "2025-01-08T23:45:00.029Z" },
]

[[package]]
name = "rich"
version = "15.0.0"
source = { registry = "https://pypi.org/simple" }
dependencies = [
    { name = "markdown-it-py" },
    { name = "pygments" },
]
sdist = { url = "https://files.pythonhosted.org/packages/c0/8f/0722ca900cc807c13a6a0c696dacf35430f72e0ec571c4275d2371fca3e9/rich-15.0.0.tar.gz", hash = "sha256:edd07a4824c6b40189fb7ac9bc4c52536e9780fbbfbddf6f1e2502c31b068c36", size = 230680, upload-time = "2026-04-12T08:24:00.75Z" }
wheels = [
    { url = "https://files.pythonhosted.org/packages/82/3b/64d4899d73f91ba49a8c18a8ff3f0ea8f1c1d75481760df8c68ef5235bf5/rich-15.0.0-py3-none-any.whl", hash = "sha256:33bd4ef74232fb73fe9279a257718407f169c09b78a87ad3d296f548e27de0bb", size = 310654, upload-time = "2026-04-12T08:24:02.83Z" },
]

[[package]]
name = "typing-extensions"
version = "4.16.0"
source = { registry = "https://pypi.org/simple" }
sdist = { url = "https://files.pythonhosted.org/packages/f6/cc/6253133b5bb138fc3306cebfbda2c520f545d36b5be2c7255cc528bb45d6/typing_extensions-4.16.0.tar.gz", hash = "sha256:dc983d19a509c94dba722ee6abd33940f7c05a89e243c47e907eb4db6f1a43e5", size = 113555, upload-time = "2026-07-02T08:40:05.92Z" }
wheels = [
    { url = "https://files.pythonhosted.org/packages/49/d3/b8441a820a491ddfc024b0b0cf0393375b75ea13866d9c66727e54c2fc80/typing_extensions-4.16.0-py3-none-any.whl", hash = "sha256:481caa481374e813c1b176ada14e97f1f67a4539ce9cfeb3f350d78d6370c2e8", size = 45571, upload-time = "2026-07-02T08:40:04.659Z" },
]

[[package]]
name = "wcwidth"
version = "0.8.3"
source = { registry = "https://pypi.org/simple" }
sdist = { url = "https://files.pythonhosted.org/packages/36/57/ed58088fafdf4c55a0ad6bde846502567645424d7ebf325230b9237f4085/wcwidth-0.8.3.tar.gz", hash = "sha256:d128512515fbf4612e0ff21fd6380399210318b7b54a9af59dff8454cf9730eb", size = 1458450, upload-time = "2026-08-28T18:10:06.875Z" }
wheels = [
    { url = "https://files.pythonhosted.org/packages/c4/0e/57f6bb3024a597b2e8ec4aee710ffe62ddc95af2e2bb1ee7a7abdc22c68c/wcwidth-0.8.3-py3-none-any.whl", hash = "sha256:d5b73dba6158a595ec9370350e7f2637bcac8d6c5e4fde34f30fcffb6103a5e4", size = 331669, upload-time = "2026-08-28T18:10:04.909Z" },
]

[[package]]
name = "wrapt"
version = "1.17.3"
source = { registry = "https://pypi.org/simple" }
sdist = { url = "https://files.pythonhosted.org/packages/95/8f/aeb76c5b46e273670962298c23e7ddde79916cb74db802131d49a85e4b7d/wrapt-1.17.3.tar.gz", hash = "sha256:f66eb08feaa410fe4eebd17f2a2c8e2e46d3476e9f8c783daa8e09e0faa666d0", size = 55547, upload-time = "2025-08-12T05:53:21.714Z" }
wheels = [
    { url = "https://files.pythonhosted.org/packages/fc/f6/759ece88472157acb55fc195e5b116e06730f1b651b5b314c66291729193/wrapt-1.17.3-cp313-cp313-macosx_10_13_universal2.whl", hash = "sha256:a47681378a0439215912ef542c45a783484d4dd82bac412b71e59cf9c0e1cea0", size = 54003, upload-time = "2025-08-12T05:51:48.627Z" },
    { url = "https://files.pythonhosted.org/packages/4f/a9/49940b9dc6d47027dc850c116d79b4155f15c08547d04db0f07121499347/wrapt-1.17.3-cp313-cp313-macosx_10_13_x86_64.whl", hash = "sha256:54a30837587c6ee3cd1a4d1c2ec5d24e77984d44e2f34547e2323ddb4e22eb77", size = 39025, upload-time = "2025-08-12T05:51:37.156Z" },
    { url = "https://files.pythonhosted.org/packages/45/35/6a08de0f2c96dcdd7fe464d7420ddb9a7655a6561150e5fc4da9356aeaab/wrapt-1.17.3-cp313-cp313-macosx_11_0_arm64.whl", hash = "sha256:16ecf15d6af39246fe33e507105d67e4b81d8f8d2c6598ff7e3ca1b8a37213f7", size = 39108, upload-time = "2025-08-12T05:51:58.425Z" },
    { url = "https://files.pythonhosted.org/packages/0c/37/6faf15cfa41bf1f3dba80cd3f5ccc6622dfccb660ab26ed79f0178c7497f/wrapt-1.17.3-cp313-cp313-manylinux1_x86_64.manylinux_2_28_x86_64.manylinux_2_5_x86_64.whl", hash = "sha256:6fd1ad24dc235e4ab88cda009e19bf347aabb975e44fd5c2fb22a3f6e4141277", size = 88072, upload-time = "2025-08-12T05:52:37.53Z" },
    { url = "https://files.pythonhosted.org/packages/78/f2/efe19ada4a38e4e15b6dff39c3e3f3f73f5decf901f66e6f72fe79623a06/wrapt-1.17.3-cp313-cp313-manylinux2014_aarch64.manylinux_2_17_aarch64.manylinux_2_28_aarch64.whl", hash = "sha256:0ed61b7c2d49cee3c027372df5809a59d60cf1b6c2f81ee980a091f3afed6a2d", size = 88214, upload-time = "2025-08-12T05:52:15.886Z" },
    { url = "https://files.pythonhosted.org/packages/40/90/ca86701e9de1622b16e09689fc24b76f69b06bb0150990f6f4e8b0eeb576/wrapt-1.17.3-cp313-cp313-musllinux_1_2_aarch64.whl", hash = "sha256:423ed5420ad5f5529db9ce89eac09c8a2f97da18eb1c870237e84c5a5c2d60aa", size = 87105, upload-time = "2025-08-12T05:52:17.914Z" },
    { url = "https://files.pythonhosted.org/packages/fd/e0/d10bd257c9a3e15cbf5523025252cc14d77468e8ed644aafb2d6f54cb95d/wrapt-1.17.3-cp313-cp313-musllinux_1_2_x86_64.whl", hash = "sha256:e01375f275f010fcbf7f643b4279896d04e571889b8a5b3f848423d91bf07050", size = 87766, upload-time = "2025-08-12T05:52:39.243Z" },
    { url = "https://files.pythonhosted.org/packages/e8/cf/7d848740203c7b4b27eb55dbfede11aca974a51c3d894f6cc4b865f42f58/wrapt-1.17.3-cp313-cp313-win32.whl", hash = "sha256:53e5e39ff71b3fc484df8a522c933ea2b7cdd0d5d15ae82e5b23fde87d44cbd8", size = 36711, upload-time = "2025-08-12T05:53:10.074Z" },
    { url = "https://files.pythonhosted.org/packages/57/54/35a84d0a4d23ea675994104e667ceff49227ce473ba6a59ba2c84f250b74/wrapt-1.17.3-cp313-cp313-win_amd64.whl", hash = "sha256:1f0b2f40cf341ee8cc1a97d51ff50dddb9fcc73241b9143ec74b30fc4f44f6cb", size = 38885, upload-time = "2025-08-12T05:53:08.695Z" },
    { url = "https://files.pythonhosted.org/packages/01/77/66e54407c59d7b02a3c4e0af3783168fff8e5d61def52cda8728439d86bc/wrapt-1.17.3-cp313-cp313-win_arm64.whl", hash = "sha256:7425ac3c54430f5fc5e7b6f41d41e704db073309acfc09305816bc6a0b26bb16", size = 36896, upload-time = "2025-08-12T05:52:55.34Z" },
    { url = "https://files.pythonhosted.org/packages/02/a2/cd864b2a14f20d14f4c496fab97802001560f9f41554eef6df201cd7f76c/wrapt-1.17.3-cp314-cp314-macosx_10_13_universal2.whl", hash = "sha256:cf30f6e3c077c8e6a9a7809c94551203c8843e74ba0c960f4a98cd80d4665d39", size = 54132, upload-time = "2025-08-12T05:51:49.864Z" },
    { url = "https://files.pythonhosted.org/packages/d5/46/d011725b0c89e853dc44cceb738a307cde5d240d023d6d40a82d1b4e1182/wrapt-1.17.3-cp314-cp314-macosx_10_13_x86_64.whl", hash = "sha256:e228514a06843cae89621384cfe3a80418f3c04aadf8a3b14e46a7be704e4235", size = 39091, upload-time = "2025-08-12T05:51:38.935Z" },
    { url = "https://files.pythonhosted.org/packages/2e/9e/3ad852d77c35aae7ddebdbc3b6d35ec8013af7d7dddad0ad911f3d891dae/wrapt-1.17.3-cp314-cp314-macosx_11_0_arm64.whl", hash = "sha256:5ea5eb3c0c071862997d6f3e02af1d055f381b1d25b286b9d6644b79db77657c", size = 39172, upload-time = "2025-08-12T05:51:59.365Z" },
    { url = "https://files.pythonhosted.org/packages/c3/f7/c983d2762bcce2326c317c26a6a1e7016f7eb039c27cdf5c4e30f4160f31/wrapt-1.17.3-cp314-cp314-manylinux1_x86_64.manylinux_2_28_x86_64.manylinux_2_5_x86_64.whl", hash = "sha256:281262213373b6d5e4bb4353bc36d1ba4084e6d6b5d242863721ef2bf2c2930b", size = 87163, upload-time = "2025-08-12T05:52:40.965Z" },
    { url = "https://files.pythonhosted.org/packages/e4/0f/f673f75d489c7f22d17fe0193e84b41540d962f75fce579cf6873167c29b/wrapt-1.17.3-cp314-cp314-manylinux2014_aarch64.manylinux_2_17_aarch64.manylinux_2_28_aarch64.whl", hash = "sha256:dc4a8d2b25efb6681ecacad42fca8859f88092d8732b170de6a5dddd80a1c8fa", size = 87963, upload-time = "2025-08-12T05:52:20.326Z" },
    { url = "https://files.pythonhosted.org/packages/df/61/515ad6caca68995da2fac7a6af97faab8f78ebe3bf4f761e1b77efbc47b5/wrapt-1.17.3-cp314-cp314-musllinux_1_2_aarch64.whl", hash = "sha256:373342dd05b1d07d752cecbec0c41817231f29f3a89aa8b8843f7b95992ed0c7", size = 86945, upload-time = "2025-08-12T05:52:21.581Z" },
    { url = "https://files.pythonhosted.org/packages/d3/bd/4e70162ce398462a467bc09e768bee112f1412e563620adc353de9055d33/wrapt-1.17.3-cp314-cp314-musllinux_1_2_x86_64.whl", hash = "sha256:d40770d7c0fd5cbed9d84b2c3f2e156431a12c9a37dc6284060fb4bec0b7ffd4", size = 86857, upload-time = "2025-08-12T05:52:43.043Z" },
    { url = "https://files.pythonhosted.org/packages/2b/b8/da8560695e9284810b8d3df8a19396a6e40e7518059584a1a394a2b35e0a/wrapt-1.17.3-cp314-cp314-win32.whl", hash = "sha256:fbd3c8319de8e1dc79d346929cd71d523622da527cca14e0c1d257e31c2b8b10", size = 37178, upload-time = "2025-08-12T05:53:12.605Z" },
    { url = "https://files.pythonhosted.org/packages/db/c8/b71eeb192c440d67a5a0449aaee2310a1a1e8eca41676046f99ed2487e9f/wrapt-1.17.3-cp314-cp314-win_amd64.whl", hash = "sha256:e1a4120ae5705f673727d3253de3ed0e016f7cd78dc463db1b31e2463e1f3cf6", size = 39310, upload-time = "2025-08-12T05:53:11.106Z" },
    { url = "https://files.pythonhosted.org/packages/45/20/2cda20fd4865fa40f86f6c46ed37a2a8356a7a2fde0773269311f2af56c7/wrapt-1.17.3-cp314-cp314-win_arm64.whl", hash = "sha256:507553480670cab08a800b9463bdb881b2edeed77dc677b0a5915e6106e91a58", size = 37266, upload-time = "2025-08-12T05:52:56.531Z" },
    { url = "https://files.pythonhosted.org/packages/77/ed/dd5cf21aec36c80443c6f900449260b80e2a65cf963668eaef3b9accce36/wrapt-1.17.3-cp314-cp314t-macosx_10_13_universal2.whl", hash = "sha256:ed7c635ae45cfbc1a7371f708727bf74690daedc49b4dba310590ca0bd28aa8a", size = 56544, upload-time = "2025-08-12T05:51:51.109Z" },
    { url = "https://files.pythonhosted.org/packages/8d/96/450c651cc753877ad100c7949ab4d2e2ecc4d97157e00fa8f45df682456a/wrapt-1.17.3-cp314-cp314t-macosx_10_13_x86_64.whl", hash = "sha256:249f88ed15503f6492a71f01442abddd73856a0032ae860de6d75ca62eed8067", size = 40283, upload-time = "2025-08-12T05:51:39.912Z" },
    { url = "https://files.pythonhosted.org/packages/d1/86/2fcad95994d9b572db57632acb6f900695a648c3e063f2cd344b3f5c5a37/wrapt-1.17.3-cp314-cp314t-macosx_11_0_arm64.whl", hash = "sha256:5a03a38adec8066d5a37bea22f2ba6bbf39fcdefbe2d91419ab864c3fb515454", size = 40366, upload-time = "2025-08-12T05:52:00.693Z" },
    { url = "https://files.pythonhosted.org/packages/64/0e/f4472f2fdde2d4617975144311f8800ef73677a159be7fe61fa50997d6c0/wrapt-1.17.3-cp314-cp314t-manylinux1_x86_64.manylinux_2_28_x86_64.manylinux_2_5_x86_64.whl", hash = "sha256:5d4478d72eb61c36e5b446e375bbc49ed002430d17cdec3cecb36993398e1a9e", size = 108571, upload-time = "2025-08-12T05:52:44.521Z" },
    { url = "https://files.pythonhosted.org/packages/cc/01/9b85a99996b0a97c8a17484684f206cbb6ba73c1ce6890ac668bcf3838fb/wrapt-1.17.3-cp314-cp314t-manylinux2014_aarch64.manylinux_2_17_aarch64.manylinux_2_28_aarch64.whl", hash = "sha256:223db574bb38637e8230eb14b185565023ab624474df94d2af18f1cdb625216f", size = 113094, upload-time = "2025-08-12T05:52:22.618Z" },
    { url = "https://files.pythonhosted.org/packages/25/02/78926c1efddcc7b3aa0bc3d6b33a822f7d898059f7cd9ace8c8318e559ef/wrapt-1.17.3-cp314-cp314t-musllinux_1_2_aarch64.whl", hash = "sha256:e405adefb53a435f01efa7ccdec012c016b5a1d3f35459990afc39b6be4d5056", size = 110659, upload-time = "2025-08-12T05:52:24.057Z" },
    { url = "https://files.pythonhosted.org/packages/dc/ee/c414501ad518ac3e6fe184753632fe5e5ecacdcf0effc23f31c1e4f7bfcf/wrapt-1.17.3-cp314-cp314t-musllinux_1_2_x86_64.whl", hash = "sha256:88547535b787a6c9ce4086917b6e1d291aa8ed914fdd3a838b3539dc95c12804", size = 106946, upload-time = "2025-08-12T05:52:45.976Z" },
    { url = "https://files.pythonhosted.org/packages/be/44/a1bd64b723d13bb151d6cc91b986146a1952385e0392a78567e12149c7b4/wrapt-1.17.3-cp314-cp314t-win32.whl", hash = "sha256:41b1d2bc74c2cac6f9074df52b2efbef2b30bdfe5f40cb78f8ca22963bc62977", size = 38717, upload-time = "2025-08-12T05:53:15.214Z" },
    { url = "https://files.pythonhosted.org/packages/79/d9/7cfd5a312760ac4dd8bf0184a6ee9e43c33e47f3dadc303032ce012b8fa3/wrapt-1.17.3-cp314-cp314t-win_amd64.whl", hash = "sha256:73d496de46cd2cdbdbcce4ae4bcdb4afb6a11234a1df9c085249d55166b95116", size = 41334, upload-time = "2025-08-12T05:53:14.178Z" },
    { url = "https://files.pythonhosted.org/packages/46/78/10ad9781128ed2f99dbc474f43283b13fea8ba58723e98844367531c18e9/wrapt-1.17.3-cp314-cp314t-win_arm64.whl", hash = "sha256:f38e60678850c42461d4202739f9bf1e3a737c7ad283638251e79cc49effb6b6", size = 38471, upload-time = "2025-08-12T05:52:57.784Z" },
    { url = "https://files.pythonhosted.org/packages/1f/f6/a933bd70f98e9cf3e08167fc5cd7aaaca49147e48411c0bd5ae701bb2194/wrapt-1.17.3-py3-none-any.whl", hash = "sha256:7171ae35d2c33d326ac19dd8facb1e82e5fd04ef8c6c0e394d7af55a55051c22", size = 23591, upload-time = "2025-08-12T05:53:20.674Z" },
]
